{
  "name": "programming-lessons-1",
  "lockfileVersion": 2,
  "requires": true,
  "packages": {
    "": {
      "dependencies": {
        "readline-sync": "^1.4.10",
        "stdio": "^2.1.1"
      }
    },
    "node_modules/readline-sync": {
      "version": "1.4.10",
      "resolved": "https://registry.npmjs.org/readline-sync/-/readline-sync-1.4.10.tgz",
      "integrity": "sha512-gNva8/6UAe8QYepIQH/jQ2qn91Qj0B9sYjMBBs3QOB8F2CXcKgLxQaJRP76sWVRQt+QU+8fAkCbCvjjMFu7Ycw==",
      "engines": {
        "node": ">= 0.8.0"
      }
    },
    "node_modules/stdio": {
      "version": "2.1.1",
      "resolved": "https://registry.npmjs.org/stdio/-/stdio-2.1.1.tgz",
      "integrity": "sha512-ZHO7SD10nZnc2pMN85MPPTCKutXPKH+7Z50B7zt/JRNAHXLbI3BidMc9HFD/j2VupZ8lQdSVJB0ebZSVXC6uXw=="
    }
  },
  "dependencies": {
    "readline-sync": {
      "version": "1.4.10",
      "resolved": "https://registry.npmjs.org/readline-sync/-/readline-sync-1.4.10.tgz",
      "integrity": "sha512-gNva8/6UAe8QYepIQH/jQ2qn91Qj0B9sYjMBBs3QOB8F2CXcKgLxQaJRP76sWVRQt+QU+8fAkCbCvjjMFu7Ycw=="
    },
    "stdio": {
      "version": "2.1.1",
      "resolved": "https://registry.npmjs.org/stdio/-/stdio-2.1.1.tgz",
      "integrity": "sha512-ZHO7SD10nZnc2pMN85MPPTCKutXPKH+7Z50B7zt/JRNAHXLbI3BidMc9HFD/j2VupZ8lQdSVJB0ebZSVXC6uXw=="
    }
  }
}
